// !$*UTF8*$!
{
	archiveVersion = 1;
	classes = {
	};
	objectVersion = 50;
	objects = {

/* Begin PBXBuildFile section */
		53E223524B3AEADAA982C83D /* Pods_PaceRidesUITests.framework in Frameworks */ = {isa = PBXBuildFile; fileRef = 80EEF146E4D555728D6B7315 /* Pods_PaceRidesUITests.framework */; };
		5A31E1791CD9303110039676 /* Pods_PaceRidesTests.framework in Frameworks */ = {isa = PBXBuildFile; fileRef = C03A8D1EAF739638F7645745 /* Pods_PaceRidesTests.framework */; };
		A8737F286A9BBFB497BD5620 /* Pods_PaceRides.framework in Frameworks */ = {isa = PBXBuildFile; fileRef = 26BDF7F891739D7D0B305928 /* Pods_PaceRides.framework */; };
		E0246DF02167021C00DB3CC8 /* PacePublicProfileTableViewCell.swift in Sources */ = {isa = PBXBuildFile; fileRef = E0246DEF2167021C00DB3CC8 /* PacePublicProfileTableViewCell.swift */; };
		E0246DF22167024300DB3CC8 /* PaceSchoolProfileTableViewCell.swift in Sources */ = {isa = PBXBuildFile; fileRef = E0246DF12167024300DB3CC8 /* PaceSchoolProfileTableViewCell.swift */; };
		E07754C6216D2462008421CE /* PublicTabBarController.swift in Sources */ = {isa = PBXBuildFile; fileRef = E07754C5216D2462008421CE /* PublicTabBarController.swift */; };
		E07FBFEA216BD188009BA7FD /* UniversityModel.swift in Sources */ = {isa = PBXBuildFile; fileRef = E07FBFE9216BD188009BA7FD /* UniversityModel.swift */; };
		E0860A442161A9E5003375A7 /* AppDelegate.swift in Sources */ = {isa = PBXBuildFile; fileRef = E0860A432161A9E5003375A7 /* AppDelegate.swift */; };
		E0860A4B2161A9E5003375A7 /* Main.storyboard in Resources */ = {isa = PBXBuildFile; fileRef = E0860A492161A9E5003375A7 /* Main.storyboard */; };
		E0860A4D2161A9E6003375A7 /* Assets.xcassets in Resources */ = {isa = PBXBuildFile; fileRef = E0860A4C2161A9E6003375A7 /* Assets.xcassets */; };
		E0860A502161A9E6003375A7 /* LaunchScreen.storyboard in Resources */ = {isa = PBXBuildFile; fileRef = E0860A4E2161A9E6003375A7 /* LaunchScreen.storyboard */; };
		E0860A5B2161A9E6003375A7 /* PaceRidesTests.swift in Sources */ = {isa = PBXBuildFile; fileRef = E0860A5A2161A9E6003375A7 /* PaceRidesTests.swift */; };
		E0860A662161A9E6003375A7 /* PaceRidesUITests.swift in Sources */ = {isa = PBXBuildFile; fileRef = E0860A652161A9E6003375A7 /* PaceRidesUITests.swift */; };
		E0860A742161B104003375A7 /* PublicViewController.swift in Sources */ = {isa = PBXBuildFile; fileRef = E0860A732161B104003375A7 /* PublicViewController.swift */; };
		E0860A782161B1B8003375A7 /* UserModel.swift in Sources */ = {isa = PBXBuildFile; fileRef = E0860A772161B1B8003375A7 /* UserModel.swift */; };
		E0860A7F2161B867003375A7 /* SWRevealViewController.m in Sources */ = {isa = PBXBuildFile; fileRef = E0860A7E2161B867003375A7 /* SWRevealViewController.m */; };
		E0860A832161C1C3003375A7 /* RearMenuTableViewController.swift in Sources */ = {isa = PBXBuildFile; fileRef = E0860A822161C1C3003375A7 /* RearMenuTableViewController.swift */; };
		E0860A852161CDC9003375A7 /* PaceRidesConstants.swift in Sources */ = {isa = PBXBuildFile; fileRef = E0860A842161CDC9003375A7 /* PaceRidesConstants.swift */; };
		E0860A87216267C7003375A7 /* FrontViewController.swift in Sources */ = {isa = PBXBuildFile; fileRef = E0860A86216267C7003375A7 /* FrontViewController.swift */; };
		E0860A8921626C0F003375A7 /* PublicSignInViewController.swift in Sources */ = {isa = PBXBuildFile; fileRef = E0860A8821626C0F003375A7 /* PublicSignInViewController.swift */; };
		E0860A8C216281A6003375A7 /* GoogleService-Info.plist in Resources */ = {isa = PBXBuildFile; fileRef = E0860A8B216281A6003375A7 /* GoogleService-Info.plist */; };
		E0C1A97E21629CFD006C4DF6 /* SchoolSignInViewController.swift in Sources */ = {isa = PBXBuildFile; fileRef = E0C1A97D21629CFD006C4DF6 /* SchoolSignInViewController.swift */; };
		E0C1A9802162AC97006C4DF6 /* SchoolViewController.swift in Sources */ = {isa = PBXBuildFile; fileRef = E0C1A97F2162AC97006C4DF6 /* SchoolViewController.swift */; };
		E0C1A9822162B7AD006C4DF6 /* RightViewController.swift in Sources */ = {isa = PBXBuildFile; fileRef = E0C1A9812162B7AD006C4DF6 /* RightViewController.swift */; };
		E0C1A9842162C65B006C4DF6 /* VerifyEmailViewController.swift in Sources */ = {isa = PBXBuildFile; fileRef = E0C1A9832162C65B006C4DF6 /* VerifyEmailViewController.swift */; };
		E0E44B45216C25810069DAEE /* MenuItemTableViewCell.swift in Sources */ = {isa = PBXBuildFile; fileRef = E0E44B44216C25810069DAEE /* MenuItemTableViewCell.swift */; };
		E0E44B48216C25EA0069DAEE /* MenuItem.swift in Sources */ = {isa = PBXBuildFile; fileRef = E0E44B47216C25EA0069DAEE /* MenuItem.swift */; };
/* End PBXBuildFile section */

/* Begin PBXContainerItemProxy section */
		E0860A572161A9E6003375A7 /* PBXContainerItemProxy */ = {
			isa = PBXContainerItemProxy;
			containerPortal = E0860A382161A9E4003375A7 /* Project object */;
			proxyType = 1;
			remoteGlobalIDString = E0860A3F2161A9E5003375A7;
			remoteInfo = PaceRides;
		};
		E0860A622161A9E6003375A7 /* PBXContainerItemProxy */ = {
			isa = PBXContainerItemProxy;
			containerPortal = E0860A382161A9E4003375A7 /* Project object */;
			proxyType = 1;
			remoteGlobalIDString = E0860A3F2161A9E5003375A7;
			remoteInfo = PaceRides;
		};
/* End PBXContainerItemProxy section */

/* Begin PBXFileReference section */
		10E9E688E4E936B257210723 /* Pods-PaceRidesTests.release.xcconfig */ = {isa = PBXFileReference; includeInIndex = 1; lastKnownFileType = text.xcconfig; name = "Pods-PaceRidesTests.release.xcconfig"; path = "Pods/Target Support Files/Pods-PaceRidesTests/Pods-PaceRidesTests.release.xcconfig"; sourceTree = "<group>"; };
		110959F8F8453741523406DB /* Pods-PaceRides.debug.xcconfig */ = {isa = PBXFileReference; includeInIndex = 1; lastKnownFileType = text.xcconfig; name = "Pods-PaceRides.debug.xcconfig"; path = "Pods/Target Support Files/Pods-PaceRides/Pods-PaceRides.debug.xcconfig"; sourceTree = "<group>"; };
		26BDF7F891739D7D0B305928 /* Pods_PaceRides.framework */ = {isa = PBXFileReference; explicitFileType = wrapper.framework; includeInIndex = 0; path = Pods_PaceRides.framework; sourceTree = BUILT_PRODUCTS_DIR; };
		29335451A5D557316597A633 /* Pods-PaceRides.release.xcconfig */ = {isa = PBXFileReference; includeInIndex = 1; lastKnownFileType = text.xcconfig; name = "Pods-PaceRides.release.xcconfig"; path = "Pods/Target Support Files/Pods-PaceRides/Pods-PaceRides.release.xcconfig"; sourceTree = "<group>"; };
		3F5F9BAC9BFB2B41D16ED353 /* Pods-PaceRidesUITests.debug.xcconfig */ = {isa = PBXFileReference; includeInIndex = 1; lastKnownFileType = text.xcconfig; name = "Pods-PaceRidesUITests.debug.xcconfig"; path = "Pods/Target Support Files/Pods-PaceRidesUITests/Pods-PaceRidesUITests.debug.xcconfig"; sourceTree = "<group>"; };
		6E67363239471925A916D443 /* Pods-PaceRidesTests.debug.xcconfig */ = {isa = PBXFileReference; includeInIndex = 1; lastKnownFileType = text.xcconfig; name = "Pods-PaceRidesTests.debug.xcconfig"; path = "Pods/Target Support Files/Pods-PaceRidesTests/Pods-PaceRidesTests.debug.xcconfig"; sourceTree = "<group>"; };
		80EEF146E4D555728D6B7315 /* Pods_PaceRidesUITests.framework */ = {isa = PBXFileReference; explicitFileType = wrapper.framework; includeInIndex = 0; path = Pods_PaceRidesUITests.framework; sourceTree = BUILT_PRODUCTS_DIR; };
		C03A8D1EAF739638F7645745 /* Pods_PaceRidesTests.framework */ = {isa = PBXFileReference; explicitFileType = wrapper.framework; includeInIndex = 0; path = Pods_PaceRidesTests.framework; sourceTree = BUILT_PRODUCTS_DIR; };
		D11902CAC4075A23A8DA9911 /* Pods-PaceRidesUITests.release.xcconfig */ = {isa = PBXFileReference; includeInIndex = 1; lastKnownFileType = text.xcconfig; name = "Pods-PaceRidesUITests.release.xcconfig"; path = "Pods/Target Support Files/Pods-PaceRidesUITests/Pods-PaceRidesUITests.release.xcconfig"; sourceTree = "<group>"; };
		E0246DEF2167021C00DB3CC8 /* PacePublicProfileTableViewCell.swift */ = {isa = PBXFileReference; lastKnownFileType = sourcecode.swift; path = PacePublicProfileTableViewCell.swift; sourceTree = "<group>"; };
		E0246DF12167024300DB3CC8 /* PaceSchoolProfileTableViewCell.swift */ = {isa = PBXFileReference; lastKnownFileType = sourcecode.swift; path = PaceSchoolProfileTableViewCell.swift; sourceTree = "<group>"; };
		E07754C5216D2462008421CE /* PublicTabBarController.swift */ = {isa = PBXFileReference; lastKnownFileType = sourcecode.swift; path = PublicTabBarController.swift; sourceTree = "<group>"; };
		E07FBFE9216BD188009BA7FD /* UniversityModel.swift */ = {isa = PBXFileReference; lastKnownFileType = sourcecode.swift; path = UniversityModel.swift; sourceTree = "<group>"; };
		E0860A402161A9E5003375A7 /* PaceRides.app */ = {isa = PBXFileReference; explicitFileType = wrapper.application; includeInIndex = 0; path = PaceRides.app; sourceTree = BUILT_PRODUCTS_DIR; };
		E0860A432161A9E5003375A7 /* AppDelegate.swift */ = {isa = PBXFileReference; lastKnownFileType = sourcecode.swift; path = AppDelegate.swift; sourceTree = "<group>"; };
		E0860A4A2161A9E5003375A7 /* Base */ = {isa = PBXFileReference; lastKnownFileType = file.storyboard; name = Base; path = Base.lproj/Main.storyboard; sourceTree = "<group>"; };
		E0860A4C2161A9E6003375A7 /* Assets.xcassets */ = {isa = PBXFileReference; lastKnownFileType = folder.assetcatalog; path = Assets.xcassets; sourceTree = "<group>"; };
		E0860A4F2161A9E6003375A7 /* Base */ = {isa = PBXFileReference; lastKnownFileType = file.storyboard; name = Base; path = Base.lproj/LaunchScreen.storyboard; sourceTree = "<group>"; };
		E0860A512161A9E6003375A7 /* Info.plist */ = {isa = PBXFileReference; lastKnownFileType = text.plist.xml; path = Info.plist; sourceTree = "<group>"; };
		E0860A562161A9E6003375A7 /* PaceRidesTests.xctest */ = {isa = PBXFileReference; explicitFileType = wrapper.cfbundle; includeInIndex = 0; path = PaceRidesTests.xctest; sourceTree = BUILT_PRODUCTS_DIR; };
		E0860A5A2161A9E6003375A7 /* PaceRidesTests.swift */ = {isa = PBXFileReference; lastKnownFileType = sourcecode.swift; path = PaceRidesTests.swift; sourceTree = "<group>"; };
		E0860A5C2161A9E6003375A7 /* Info.plist */ = {isa = PBXFileReference; lastKnownFileType = text.plist.xml; path = Info.plist; sourceTree = "<group>"; };
		E0860A612161A9E6003375A7 /* PaceRidesUITests.xctest */ = {isa = PBXFileReference; explicitFileType = wrapper.cfbundle; includeInIndex = 0; path = PaceRidesUITests.xctest; sourceTree = BUILT_PRODUCTS_DIR; };
		E0860A652161A9E6003375A7 /* PaceRidesUITests.swift */ = {isa = PBXFileReference; lastKnownFileType = sourcecode.swift; path = PaceRidesUITests.swift; sourceTree = "<group>"; };
		E0860A672161A9E6003375A7 /* Info.plist */ = {isa = PBXFileReference; lastKnownFileType = text.plist.xml; path = Info.plist; sourceTree = "<group>"; };
		E0860A732161B104003375A7 /* PublicViewController.swift */ = {isa = PBXFileReference; lastKnownFileType = sourcecode.swift; path = PublicViewController.swift; sourceTree = "<group>"; };
		E0860A772161B1B8003375A7 /* UserModel.swift */ = {isa = PBXFileReference; lastKnownFileType = sourcecode.swift; path = UserModel.swift; sourceTree = "<group>"; };
		E0860A7C2161B867003375A7 /* PaceRides-Bridging-Header.h */ = {isa = PBXFileReference; lastKnownFileType = sourcecode.c.h; path = "PaceRides-Bridging-Header.h"; sourceTree = "<group>"; };
		E0860A7D2161B867003375A7 /* SWRevealViewController.h */ = {isa = PBXFileReference; fileEncoding = 4; lastKnownFileType = sourcecode.c.h; path = SWRevealViewController.h; sourceTree = "<group>"; };
		E0860A7E2161B867003375A7 /* SWRevealViewController.m */ = {isa = PBXFileReference; fileEncoding = 4; lastKnownFileType = sourcecode.c.objc; path = SWRevealViewController.m; sourceTree = "<group>"; };
		E0860A822161C1C3003375A7 /* RearMenuTableViewController.swift */ = {isa = PBXFileReference; lastKnownFileType = sourcecode.swift; path = RearMenuTableViewController.swift; sourceTree = "<group>"; };
		E0860A842161CDC9003375A7 /* PaceRidesConstants.swift */ = {isa = PBXFileReference; lastKnownFileType = sourcecode.swift; path = PaceRidesConstants.swift; sourceTree = "<group>"; };
		E0860A86216267C7003375A7 /* FrontViewController.swift */ = {isa = PBXFileReference; lastKnownFileType = sourcecode.swift; path = FrontViewController.swift; sourceTree = "<group>"; };
		E0860A8821626C0F003375A7 /* PublicSignInViewController.swift */ = {isa = PBXFileReference; lastKnownFileType = sourcecode.swift; path = PublicSignInViewController.swift; sourceTree = "<group>"; };
		E0860A8B216281A6003375A7 /* GoogleService-Info.plist */ = {isa = PBXFileReference; fileEncoding = 4; lastKnownFileType = text.plist.xml; path = "GoogleService-Info.plist"; sourceTree = "<group>"; };
		E0C1A97D21629CFD006C4DF6 /* SchoolSignInViewController.swift */ = {isa = PBXFileReference; lastKnownFileType = sourcecode.swift; path = SchoolSignInViewController.swift; sourceTree = "<group>"; };
		E0C1A97F2162AC97006C4DF6 /* SchoolViewController.swift */ = {isa = PBXFileReference; lastKnownFileType = sourcecode.swift; path = SchoolViewController.swift; sourceTree = "<group>"; };
		E0C1A9812162B7AD006C4DF6 /* RightViewController.swift */ = {isa = PBXFileReference; lastKnownFileType = sourcecode.swift; path = RightViewController.swift; sourceTree = "<group>"; };
		E0C1A9832162C65B006C4DF6 /* VerifyEmailViewController.swift */ = {isa = PBXFileReference; lastKnownFileType = sourcecode.swift; path = VerifyEmailViewController.swift; sourceTree = "<group>"; };
		E0E44B44216C25810069DAEE /* MenuItemTableViewCell.swift */ = {isa = PBXFileReference; lastKnownFileType = sourcecode.swift; path = MenuItemTableViewCell.swift; sourceTree = "<group>"; };
		E0E44B47216C25EA0069DAEE /* MenuItem.swift */ = {isa = PBXFileReference; lastKnownFileType = sourcecode.swift; path = MenuItem.swift; sourceTree = "<group>"; };
/* End PBXFileReference section */

/* Begin PBXFrameworksBuildPhase section */
		E0860A3D2161A9E5003375A7 /* Frameworks */ = {
			isa = PBXFrameworksBuildPhase;
			buildActionMask = 2147483647;
			files = (
				A8737F286A9BBFB497BD5620 /* Pods_PaceRides.framework in Frameworks */,
			);
			runOnlyForDeploymentPostprocessing = 0;
		};
		E0860A532161A9E6003375A7 /* Frameworks */ = {
			isa = PBXFrameworksBuildPhase;
			buildActionMask = 2147483647;
			files = (
				5A31E1791CD9303110039676 /* Pods_PaceRidesTests.framework in Frameworks */,
			);
			runOnlyForDeploymentPostprocessing = 0;
		};
		E0860A5E2161A9E6003375A7 /* Frameworks */ = {
			isa = PBXFrameworksBuildPhase;
			buildActionMask = 2147483647;
			files = (
				53E223524B3AEADAA982C83D /* Pods_PaceRidesUITests.framework in Frameworks */,
			);
			runOnlyForDeploymentPostprocessing = 0;
		};
/* End PBXFrameworksBuildPhase section */

/* Begin PBXGroup section */
		084F6BCD4ADDAA1AF7BB09C1 /* Pods */ = {
			isa = PBXGroup;
			children = (
				110959F8F8453741523406DB /* Pods-PaceRides.debug.xcconfig */,
				29335451A5D557316597A633 /* Pods-PaceRides.release.xcconfig */,
				6E67363239471925A916D443 /* Pods-PaceRidesTests.debug.xcconfig */,
				10E9E688E4E936B257210723 /* Pods-PaceRidesTests.release.xcconfig */,
				3F5F9BAC9BFB2B41D16ED353 /* Pods-PaceRidesUITests.debug.xcconfig */,
				D11902CAC4075A23A8DA9911 /* Pods-PaceRidesUITests.release.xcconfig */,
			);
			name = Pods;
			sourceTree = "<group>";
		};
		A81CBBEF49822E87D0CCDD9A /* Frameworks */ = {
			isa = PBXGroup;
			children = (
				26BDF7F891739D7D0B305928 /* Pods_PaceRides.framework */,
				C03A8D1EAF739638F7645745 /* Pods_PaceRidesTests.framework */,
				80EEF146E4D555728D6B7315 /* Pods_PaceRidesUITests.framework */,
			);
			name = Frameworks;
			sourceTree = "<group>";
		};
		E0860A372161A9E4003375A7 = {
			isa = PBXGroup;
			children = (
				E0860A422161A9E5003375A7 /* PaceRides */,
				E0860A592161A9E6003375A7 /* PaceRidesTests */,
				E0860A642161A9E6003375A7 /* PaceRidesUITests */,
				E0860A412161A9E5003375A7 /* Products */,
				084F6BCD4ADDAA1AF7BB09C1 /* Pods */,
				A81CBBEF49822E87D0CCDD9A /* Frameworks */,
			);
			sourceTree = "<group>";
		};
		E0860A412161A9E5003375A7 /* Products */ = {
			isa = PBXGroup;
			children = (
				E0860A402161A9E5003375A7 /* PaceRides.app */,
				E0860A562161A9E6003375A7 /* PaceRidesTests.xctest */,
				E0860A612161A9E6003375A7 /* PaceRidesUITests.xctest */,
			);
			name = Products;
			sourceTree = "<group>";
		};
		E0860A422161A9E5003375A7 /* PaceRides */ = {
			isa = PBXGroup;
			children = (
				E0860A8B216281A6003375A7 /* GoogleService-Info.plist */,
				E0860A512161A9E6003375A7 /* Info.plist */,
				E0860A432161A9E5003375A7 /* AppDelegate.swift */,
				E0860A842161CDC9003375A7 /* PaceRidesConstants.swift */,
				E0860A4E2161A9E6003375A7 /* LaunchScreen.storyboard */,
				E0860A492161A9E5003375A7 /* Main.storyboard */,
				E0860A4C2161A9E6003375A7 /* Assets.xcassets */,
				E0860A762161B1A6003375A7 /* Models */,
				E0860A752161B11D003375A7 /* ViewControllers */,
				E0860A7B2161B852003375A7 /* Supporting Files */,
			);
			path = PaceRides;
			sourceTree = "<group>";
		};
		E0860A592161A9E6003375A7 /* PaceRidesTests */ = {
			isa = PBXGroup;
			children = (
				E0860A5A2161A9E6003375A7 /* PaceRidesTests.swift */,
				E0860A5C2161A9E6003375A7 /* Info.plist */,
			);
			path = PaceRidesTests;
			sourceTree = "<group>";
		};
		E0860A642161A9E6003375A7 /* PaceRidesUITests */ = {
			isa = PBXGroup;
			children = (
				E0860A652161A9E6003375A7 /* PaceRidesUITests.swift */,
				E0860A672161A9E6003375A7 /* Info.plist */,
			);
			path = PaceRidesUITests;
			sourceTree = "<group>";
		};
		E0860A752161B11D003375A7 /* ViewControllers */ = {
			isa = PBXGroup;
			children = (
				E0860A822161C1C3003375A7 /* RearMenuTableViewController.swift */,
				E0860A86216267C7003375A7 /* FrontViewController.swift */,
				E0C1A9812162B7AD006C4DF6 /* RightViewController.swift */,
				E0860A8A21626D63003375A7 /* Public */,
				E0C1A97C21629CED006C4DF6 /* School */,
				E0AB6E882166FCC500D9022D /* TableViewCells */,
			);
			path = ViewControllers;
			sourceTree = "<group>";
		};
		E0860A762161B1A6003375A7 /* Models */ = {
			isa = PBXGroup;
			children = (
				E0860A772161B1B8003375A7 /* UserModel.swift */,
				E07FBFE9216BD188009BA7FD /* UniversityModel.swift */,
				E0E44B46216C25D10069DAEE /* ViewModels */,
			);
			path = Models;
			sourceTree = "<group>";
		};
		E0860A7B2161B852003375A7 /* Supporting Files */ = {
			isa = PBXGroup;
			children = (
				E0860A7D2161B867003375A7 /* SWRevealViewController.h */,
				E0860A7E2161B867003375A7 /* SWRevealViewController.m */,
				E0860A7C2161B867003375A7 /* PaceRides-Bridging-Header.h */,
			);
			path = "Supporting Files";
			sourceTree = "<group>";
		};
		E0860A8A21626D63003375A7 /* Public */ = {
			isa = PBXGroup;
			children = (
				E0860A732161B104003375A7 /* PublicViewController.swift */,
				E0860A8821626C0F003375A7 /* PublicSignInViewController.swift */,
				E07754C5216D2462008421CE /* PublicTabBarController.swift */,
			);
			path = Public;
			sourceTree = "<group>";
		};
		E0AB6E882166FCC500D9022D /* TableViewCells */ = {
			isa = PBXGroup;
			children = (
				E0246DEF2167021C00DB3CC8 /* PacePublicProfileTableViewCell.swift */,
				E0246DF12167024300DB3CC8 /* PaceSchoolProfileTableViewCell.swift */,
				E0E44B44216C25810069DAEE /* MenuItemTableViewCell.swift */,
			);
			path = TableViewCells;
			sourceTree = "<group>";
		};
		E0C1A97C21629CED006C4DF6 /* School */ = {
			isa = PBXGroup;
			children = (
				E0C1A97F2162AC97006C4DF6 /* SchoolViewController.swift */,
				E0C1A97D21629CFD006C4DF6 /* SchoolSignInViewController.swift */,
				E0C1A9832162C65B006C4DF6 /* VerifyEmailViewController.swift */,
			);
			path = School;
			sourceTree = "<group>";
		};
		E0E44B46216C25D10069DAEE /* ViewModels */ = {
			isa = PBXGroup;
			children = (
				E0E44B47216C25EA0069DAEE /* MenuItem.swift */,
			);
			path = ViewModels;
			sourceTree = "<group>";
		};
/* End PBXGroup section */

/* Begin PBXNativeTarget section */
		E0860A3F2161A9E5003375A7 /* PaceRides */ = {
			isa = PBXNativeTarget;
			buildConfigurationList = E0860A6A2161A9E6003375A7 /* Build configuration list for PBXNativeTarget "PaceRides" */;
			buildPhases = (
				1AC16F11CE9C301C19855E6F /* [CP] Check Pods Manifest.lock */,
				E0860A3C2161A9E5003375A7 /* Sources */,
				E0860A3D2161A9E5003375A7 /* Frameworks */,
				E0860A3E2161A9E5003375A7 /* Resources */,
				4CE0A8B0DD126E94FE8D595B /* [CP] Embed Pods Frameworks */,
				399276284E1812CCCDADC2BB /* [CP] Copy Pods Resources */,
			);
			buildRules = (
			);
			dependencies = (
			);
			name = PaceRides;
			productName = PaceRides;
			productReference = E0860A402161A9E5003375A7 /* PaceRides.app */;
			productType = "com.apple.product-type.application";
		};
		E0860A552161A9E6003375A7 /* PaceRidesTests */ = {
			isa = PBXNativeTarget;
			buildConfigurationList = E0860A6D2161A9E6003375A7 /* Build configuration list for PBXNativeTarget "PaceRidesTests" */;
			buildPhases = (
				CE12C0DCC214162DE6574B74 /* [CP] Check Pods Manifest.lock */,
				E0860A522161A9E6003375A7 /* Sources */,
				E0860A532161A9E6003375A7 /* Frameworks */,
				E0860A542161A9E6003375A7 /* Resources */,
				9BA6870F2E9F4725185C992D /* [CP] Embed Pods Frameworks */,
				2E95FB2A87D9A5089321F33B /* [CP] Copy Pods Resources */,
			);
			buildRules = (
			);
			dependencies = (
				E0860A582161A9E6003375A7 /* PBXTargetDependency */,
			);
			name = PaceRidesTests;
			productName = PaceRidesTests;
			productReference = E0860A562161A9E6003375A7 /* PaceRidesTests.xctest */;
			productType = "com.apple.product-type.bundle.unit-test";
		};
		E0860A602161A9E6003375A7 /* PaceRidesUITests */ = {
			isa = PBXNativeTarget;
			buildConfigurationList = E0860A702161A9E6003375A7 /* Build configuration list for PBXNativeTarget "PaceRidesUITests" */;
			buildPhases = (
				6978629330A27D0559D7807A /* [CP] Check Pods Manifest.lock */,
				E0860A5D2161A9E6003375A7 /* Sources */,
				E0860A5E2161A9E6003375A7 /* Frameworks */,
				E0860A5F2161A9E6003375A7 /* Resources */,
				C2EF69A88517A8084513E259 /* [CP] Embed Pods Frameworks */,
				A84A7F02BC41680C6A74A323 /* [CP] Copy Pods Resources */,
			);
			buildRules = (
			);
			dependencies = (
				E0860A632161A9E6003375A7 /* PBXTargetDependency */,
			);
			name = PaceRidesUITests;
			productName = PaceRidesUITests;
			productReference = E0860A612161A9E6003375A7 /* PaceRidesUITests.xctest */;
			productType = "com.apple.product-type.bundle.ui-testing";
		};
/* End PBXNativeTarget section */

/* Begin PBXProject section */
		E0860A382161A9E4003375A7 /* Project object */ = {
			isa = PBXProject;
			attributes = {
				LastSwiftUpdateCheck = 1000;
				LastUpgradeCheck = 1000;
				ORGANIZATIONNAME = PaceRides;
				TargetAttributes = {
					E0860A3F2161A9E5003375A7 = {
						CreatedOnToolsVersion = 10.0;
						LastSwiftMigration = 1000;
					};
					E0860A552161A9E6003375A7 = {
						CreatedOnToolsVersion = 10.0;
						TestTargetID = E0860A3F2161A9E5003375A7;
					};
					E0860A602161A9E6003375A7 = {
						CreatedOnToolsVersion = 10.0;
						TestTargetID = E0860A3F2161A9E5003375A7;
					};
				};
			};
			buildConfigurationList = E0860A3B2161A9E4003375A7 /* Build configuration list for PBXProject "PaceRides" */;
			compatibilityVersion = "Xcode 9.3";
			developmentRegion = en;
			hasScannedForEncodings = 0;
			knownRegions = (
				en,
				Base,
			);
			mainGroup = E0860A372161A9E4003375A7;
			productRefGroup = E0860A412161A9E5003375A7 /* Products */;
			projectDirPath = "";
			projectRoot = "";
			targets = (
				E0860A3F2161A9E5003375A7 /* PaceRides */,
				E0860A552161A9E6003375A7 /* PaceRidesTests */,
				E0860A602161A9E6003375A7 /* PaceRidesUITests */,
			);
		};
/* End PBXProject section */

/* Begin PBXResourcesBuildPhase section */
		E0860A3E2161A9E5003375A7 /* Resources */ = {
			isa = PBXResourcesBuildPhase;
			buildActionMask = 2147483647;
			files = (
				E0860A502161A9E6003375A7 /* LaunchScreen.storyboard in Resources */,
				E0860A8C216281A6003375A7 /* GoogleService-Info.plist in Resources */,
				E0860A4D2161A9E6003375A7 /* Assets.xcassets in Resources */,
				E0860A4B2161A9E5003375A7 /* Main.storyboard in Resources */,
			);
			runOnlyForDeploymentPostprocessing = 0;
		};
		E0860A542161A9E6003375A7 /* Resources */ = {
			isa = PBXResourcesBuildPhase;
			buildActionMask = 2147483647;
			files = (
			);
			runOnlyForDeploymentPostprocessing = 0;
		};
		E0860A5F2161A9E6003375A7 /* Resources */ = {
			isa = PBXResourcesBuildPhase;
			buildActionMask = 2147483647;
			files = (
			);
			runOnlyForDeploymentPostprocessing = 0;
		};
/* End PBXResourcesBuildPhase section */

/* Begin PBXShellScriptBuildPhase section */
		1AC16F11CE9C301C19855E6F /* [CP] Check Pods Manifest.lock */ = {
			isa = PBXShellScriptBuildPhase;
			buildActionMask = 2147483647;
			files = (
			);
			inputPaths = (
				"${PODS_PODFILE_DIR_PATH}/Podfile.lock",
				"${PODS_ROOT}/Manifest.lock",
			);
			name = "[CP] Check Pods Manifest.lock";
			outputPaths = (
				"$(DERIVED_FILE_DIR)/Pods-PaceRides-checkManifestLockResult.txt",
			);
			runOnlyForDeploymentPostprocessing = 0;
			shellPath = /bin/sh;
			shellScript = "diff \"${PODS_PODFILE_DIR_PATH}/Podfile.lock\" \"${PODS_ROOT}/Manifest.lock\" > /dev/null\nif [ $? != 0 ] ; then\n    # print error to STDERR\n    echo \"error: The sandbox is not in sync with the Podfile.lock. Run 'pod install' or update your CocoaPods installation.\" >&2\n    exit 1\nfi\n# This output is used by Xcode 'outputs' to avoid re-running this script phase.\necho \"SUCCESS\" > \"${SCRIPT_OUTPUT_FILE_0}\"\n";
			showEnvVarsInLog = 0;
		};
		2E95FB2A87D9A5089321F33B /* [CP] Copy Pods Resources */ = {
			isa = PBXShellScriptBuildPhase;
			buildActionMask = 2147483647;
			files = (
			);
			inputPaths = (
			);
			name = "[CP] Copy Pods Resources";
			outputPaths = (
			);
			runOnlyForDeploymentPostprocessing = 0;
			shellPath = /bin/sh;
			shellScript = "\"${SRCROOT}/Pods/Target Support Files/Pods-PaceRidesTests/Pods-PaceRidesTests-resources.sh\"\n";
			showEnvVarsInLog = 0;
		};
		399276284E1812CCCDADC2BB /* [CP] Copy Pods Resources */ = {
			isa = PBXShellScriptBuildPhase;
			buildActionMask = 2147483647;
			files = (
			);
			inputPaths = (
			);
			name = "[CP] Copy Pods Resources";
			outputPaths = (
			);
			runOnlyForDeploymentPostprocessing = 0;
			shellPath = /bin/sh;
			shellScript = "\"${SRCROOT}/Pods/Target Support Files/Pods-PaceRides/Pods-PaceRides-resources.sh\"\n";
			showEnvVarsInLog = 0;
		};
		4CE0A8B0DD126E94FE8D595B /* [CP] Embed Pods Frameworks */ = {
			isa = PBXShellScriptBuildPhase;
			buildActionMask = 2147483647;
			files = (
			);
			inputPaths = (
				"${SRCROOT}/Pods/Target Support Files/Pods-PaceRides/Pods-PaceRides-frameworks.sh",
				"${BUILT_PRODUCTS_DIR}/Bolts/Bolts.framework",
				"${BUILT_PRODUCTS_DIR}/BoringSSL/openssl.framework",
				"${BUILT_PRODUCTS_DIR}/FBSDKCoreKit/FBSDKCoreKit.framework",
				"${BUILT_PRODUCTS_DIR}/FBSDKLoginKit/FBSDKLoginKit.framework",
				"${BUILT_PRODUCTS_DIR}/FacebookCore/FacebookCore.framework",
				"${BUILT_PRODUCTS_DIR}/FacebookLogin/FacebookLogin.framework",
				"${BUILT_PRODUCTS_DIR}/GTMSessionFetcher/GTMSessionFetcher.framework",
				"${BUILT_PRODUCTS_DIR}/GoogleToolboxForMac/GoogleToolboxForMac.framework",
				"${BUILT_PRODUCTS_DIR}/Protobuf/Protobuf.framework",
				"${BUILT_PRODUCTS_DIR}/gRPC/GRPCClient.framework",
				"${BUILT_PRODUCTS_DIR}/gRPC-Core/grpc.framework",
				"${BUILT_PRODUCTS_DIR}/gRPC-ProtoRPC/ProtoRPC.framework",
				"${BUILT_PRODUCTS_DIR}/gRPC-RxLibrary/RxLibrary.framework",
				"${BUILT_PRODUCTS_DIR}/leveldb-library/leveldb.framework",
				"${BUILT_PRODUCTS_DIR}/nanopb/nanopb.framework",
			);
			name = "[CP] Embed Pods Frameworks";
			outputPaths = (
				"${TARGET_BUILD_DIR}/${FRAMEWORKS_FOLDER_PATH}/Bolts.framework",
				"${TARGET_BUILD_DIR}/${FRAMEWORKS_FOLDER_PATH}/openssl.framework",
				"${TARGET_BUILD_DIR}/${FRAMEWORKS_FOLDER_PATH}/FBSDKCoreKit.framework",
				"${TARGET_BUILD_DIR}/${FRAMEWORKS_FOLDER_PATH}/FBSDKLoginKit.framework",
				"${TARGET_BUILD_DIR}/${FRAMEWORKS_FOLDER_PATH}/FacebookCore.framework",
				"${TARGET_BUILD_DIR}/${FRAMEWORKS_FOLDER_PATH}/FacebookLogin.framework",
				"${TARGET_BUILD_DIR}/${FRAMEWORKS_FOLDER_PATH}/GTMSessionFetcher.framework",
				"${TARGET_BUILD_DIR}/${FRAMEWORKS_FOLDER_PATH}/GoogleToolboxForMac.framework",
				"${TARGET_BUILD_DIR}/${FRAMEWORKS_FOLDER_PATH}/Protobuf.framework",
				"${TARGET_BUILD_DIR}/${FRAMEWORKS_FOLDER_PATH}/GRPCClient.framework",
				"${TARGET_BUILD_DIR}/${FRAMEWORKS_FOLDER_PATH}/grpc.framework",
				"${TARGET_BUILD_DIR}/${FRAMEWORKS_FOLDER_PATH}/ProtoRPC.framework",
				"${TARGET_BUILD_DIR}/${FRAMEWORKS_FOLDER_PATH}/RxLibrary.framework",
				"${TARGET_BUILD_DIR}/${FRAMEWORKS_FOLDER_PATH}/leveldb.framework",
				"${TARGET_BUILD_DIR}/${FRAMEWORKS_FOLDER_PATH}/nanopb.framework",
			);
			runOnlyForDeploymentPostprocessing = 0;
			shellPath = /bin/sh;
			shellScript = "\"${SRCROOT}/Pods/Target Support Files/Pods-PaceRides/Pods-PaceRides-frameworks.sh\"\n";
			showEnvVarsInLog = 0;
		};
		6978629330A27D0559D7807A /* [CP] Check Pods Manifest.lock */ = {
			isa = PBXShellScriptBuildPhase;
			buildActionMask = 2147483647;
			files = (
			);
			inputPaths = (
				"${PODS_PODFILE_DIR_PATH}/Podfile.lock",
				"${PODS_ROOT}/Manifest.lock",
			);
			name = "[CP] Check Pods Manifest.lock";
			outputPaths = (
				"$(DERIVED_FILE_DIR)/Pods-PaceRidesUITests-checkManifestLockResult.txt",
			);
			runOnlyForDeploymentPostprocessing = 0;
			shellPath = /bin/sh;
			shellScript = "diff \"${PODS_PODFILE_DIR_PATH}/Podfile.lock\" \"${PODS_ROOT}/Manifest.lock\" > /dev/null\nif [ $? != 0 ] ; then\n    # print error to STDERR\n    echo \"error: The sandbox is not in sync with the Podfile.lock. Run 'pod install' or update your CocoaPods installation.\" >&2\n    exit 1\nfi\n# This output is used by Xcode 'outputs' to avoid re-running this script phase.\necho \"SUCCESS\" > \"${SCRIPT_OUTPUT_FILE_0}\"\n";
			showEnvVarsInLog = 0;
		};
		9BA6870F2E9F4725185C992D /* [CP] Embed Pods Frameworks */ = {
			isa = PBXShellScriptBuildPhase;
			buildActionMask = 2147483647;
			files = (
			);
			inputPaths = (
			);
			name = "[CP] Embed Pods Frameworks";
			outputPaths = (
			);
			runOnlyForDeploymentPostprocessing = 0;
			shellPath = /bin/sh;
			shellScript = "\"${SRCROOT}/Pods/Target Support Files/Pods-PaceRidesTests/Pods-PaceRidesTests-frameworks.sh\"\n";
			showEnvVarsInLog = 0;
		};
		A84A7F02BC41680C6A74A323 /* [CP] Copy Pods Resources */ = {
			isa = PBXShellScriptBuildPhase;
			buildActionMask = 2147483647;
			files = (
			);
			inputPaths = (
			);
			name = "[CP] Copy Pods Resources";
			outputPaths = (
			);
			runOnlyForDeploymentPostprocessing = 0;
			shellPath = /bin/sh;
			shellScript = "\"${SRCROOT}/Pods/Target Support Files/Pods-PaceRidesUITests/Pods-PaceRidesUITests-resources.sh\"\n";
			showEnvVarsInLog = 0;
		};
		C2EF69A88517A8084513E259 /* [CP] Embed Pods Frameworks */ = {
			isa = PBXShellScriptBuildPhase;
			buildActionMask = 2147483647;
			files = (
			);
			inputPaths = (
			);
			name = "[CP] Embed Pods Frameworks";
			outputPaths = (
			);
			runOnlyForDeploymentPostprocessing = 0;
			shellPath = /bin/sh;
			shellScript = "\"${SRCROOT}/Pods/Target Support Files/Pods-PaceRidesUITests/Pods-PaceRidesUITests-frameworks.sh\"\n";
			showEnvVarsInLog = 0;
		};
		CE12C0DCC214162DE6574B74 /* [CP] Check Pods Manifest.lock */ = {
			isa = PBXShellScriptBuildPhase;
			buildActionMask = 2147483647;
			files = (
			);
			inputPaths = (
				"${PODS_PODFILE_DIR_PATH}/Podfile.lock",
				"${PODS_ROOT}/Manifest.lock",
			);
			name = "[CP] Check Pods Manifest.lock";
			outputPaths = (
				"$(DERIVED_FILE_DIR)/Pods-PaceRidesTests-checkManifestLockResult.txt",
			);
			runOnlyForDeploymentPostprocessing = 0;
			shellPath = /bin/sh;
			shellScript = "diff \"${PODS_PODFILE_DIR_PATH}/Podfile.lock\" \"${PODS_ROOT}/Manifest.lock\" > /dev/null\nif [ $? != 0 ] ; then\n    # print error to STDERR\n    echo \"error: The sandbox is not in sync with the Podfile.lock. Run 'pod install' or update your CocoaPods installation.\" >&2\n    exit 1\nfi\n# This output is used by Xcode 'outputs' to avoid re-running this script phase.\necho \"SUCCESS\" > \"${SCRIPT_OUTPUT_FILE_0}\"\n";
			showEnvVarsInLog = 0;
		};
/* End PBXShellScriptBuildPhase section */

/* Begin PBXSourcesBuildPhase section */
		E0860A3C2161A9E5003375A7 /* Sources */ = {
			isa = PBXSourcesBuildPhase;
			buildActionMask = 2147483647;
			files = (
				E07754C6216D2462008421CE /* PublicTabBarController.swift in Sources */,
				E0E44B48216C25EA0069DAEE /* MenuItem.swift in Sources */,
				E0860A442161A9E5003375A7 /* AppDelegate.swift in Sources */,
				E0C1A97E21629CFD006C4DF6 /* SchoolSignInViewController.swift in Sources */,
				E0C1A9802162AC97006C4DF6 /* SchoolViewController.swift in Sources */,
				E0C1A9822162B7AD006C4DF6 /* RightViewController.swift in Sources */,
				E0860A832161C1C3003375A7 /* RearMenuTableViewController.swift in Sources */,
				E0860A8921626C0F003375A7 /* PublicSignInViewController.swift in Sources */,
				E0860A87216267C7003375A7 /* FrontViewController.swift in Sources */,
				E07FBFEA216BD188009BA7FD /* UniversityModel.swift in Sources */,
				E0860A852161CDC9003375A7 /* PaceRidesConstants.swift in Sources */,
				E0860A782161B1B8003375A7 /* UserModel.swift in Sources */,
				E0860A742161B104003375A7 /* PublicViewController.swift in Sources */,
				E0246DF02167021C00DB3CC8 /* PacePublicProfileTableViewCell.swift in Sources */,
				E0C1A9842162C65B006C4DF6 /* VerifyEmailViewController.swift in Sources */,
				E0E44B45216C25810069DAEE /* MenuItemTableViewCell.swift in Sources */,
				E0246DF22167024300DB3CC8 /* PaceSchoolProfileTableViewCell.swift in Sources */,
				E0860A7F2161B867003375A7 /* SWRevealViewController.m in Sources */,
			);
			runOnlyForDeploymentPostprocessing = 0;
		};
		E0860A522161A9E6003375A7 /* Sources */ = {
			isa = PBXSourcesBuildPhase;
			buildActionMask = 2147483647;
			files = (
				E0860A5B2161A9E6003375A7 /* PaceRidesTests.swift in Sources */,
			);
			runOnlyForDeploymentPostprocessing = 0;
		};
		E0860A5D2161A9E6003375A7 /* Sources */ = {
			isa = PBXSourcesBuildPhase;
			buildActionMask = 2147483647;
			files = (
				E0860A662161A9E6003375A7 /* PaceRidesUITests.swift in Sources */,
			);
			runOnlyForDeploymentPostprocessing = 0;
		};
/* End PBXSourcesBuildPhase section */

/* Begin PBXTargetDependency section */
		E0860A582161A9E6003375A7 /* PBXTargetDependency */ = {
			isa = PBXTargetDependency;
			target = E0860A3F2161A9E5003375A7 /* PaceRides */;
			targetProxy = E0860A572161A9E6003375A7 /* PBXContainerItemProxy */;
		};
		E0860A632161A9E6003375A7 /* PBXTargetDependency */ = {
			isa = PBXTargetDependency;
			target = E0860A3F2161A9E5003375A7 /* PaceRides */;
			targetProxy = E0860A622161A9E6003375A7 /* PBXContainerItemProxy */;
		};
/* End PBXTargetDependency section */

/* Begin PBXVariantGroup section */
		E0860A492161A9E5003375A7 /* Main.storyboard */ = {
			isa = PBXVariantGroup;
			children = (
				E0860A4A2161A9E5003375A7 /* Base */,
			);
			name = Main.storyboard;
			sourceTree = "<group>";
		};
		E0860A4E2161A9E6003375A7 /* LaunchScreen.storyboard */ = {
			isa = PBXVariantGroup;
			children = (
				E0860A4F2161A9E6003375A7 /* Base */,
			);
			name = LaunchScreen.storyboard;
			sourceTree = "<group>";
		};
/* End PBXVariantGroup section */

/* Begin XCBuildConfiguration section */
		E0860A682161A9E6003375A7 /* Debug */ = {
			isa = XCBuildConfiguration;
			buildSettings = {
				ALWAYS_SEARCH_USER_PATHS = NO;
				CLANG_ANALYZER_NONNULL = YES;
				CLANG_ANALYZER_NUMBER_OBJECT_CONVERSION = YES_AGGRESSIVE;
				CLANG_CXX_LANGUAGE_STANDARD = "gnu++14";
				CLANG_CXX_LIBRARY = "libc++";
				CLANG_ENABLE_MODULES = YES;
				CLANG_ENABLE_OBJC_ARC = YES;
				CLANG_ENABLE_OBJC_WEAK = YES;
				CLANG_WARN_BLOCK_CAPTURE_AUTORELEASING = YES;
				CLANG_WARN_BOOL_CONVERSION = YES;
				CLANG_WARN_COMMA = YES;
				CLANG_WARN_CONSTANT_CONVERSION = YES;
				CLANG_WARN_DEPRECATED_OBJC_IMPLEMENTATIONS = YES;
				CLANG_WARN_DIRECT_OBJC_ISA_USAGE = YES_ERROR;
				CLANG_WARN_DOCUMENTATION_COMMENTS = YES;
				CLANG_WARN_EMPTY_BODY = YES;
				CLANG_WARN_ENUM_CONVERSION = YES;
				CLANG_WARN_INFINITE_RECURSION = YES;
				CLANG_WARN_INT_CONVERSION = YES;
				CLANG_WARN_NON_LITERAL_NULL_CONVERSION = YES;
				CLANG_WARN_OBJC_IMPLICIT_RETAIN_SELF = YES;
				CLANG_WARN_OBJC_LITERAL_CONVERSION = YES;
				CLANG_WARN_OBJC_ROOT_CLASS = YES_ERROR;
				CLANG_WARN_RANGE_LOOP_ANALYSIS = YES;
				CLANG_WARN_STRICT_PROTOTYPES = YES;
				CLANG_WARN_SUSPICIOUS_MOVE = YES;
				CLANG_WARN_UNGUARDED_AVAILABILITY = YES_AGGRESSIVE;
				CLANG_WARN_UNREACHABLE_CODE = YES;
				CLANG_WARN__DUPLICATE_METHOD_MATCH = YES;
				CODE_SIGN_IDENTITY = "iPhone Developer";
				COPY_PHASE_STRIP = NO;
				DEBUG_INFORMATION_FORMAT = dwarf;
				ENABLE_STRICT_OBJC_MSGSEND = YES;
				ENABLE_TESTABILITY = YES;
				GCC_C_LANGUAGE_STANDARD = gnu11;
				GCC_DYNAMIC_NO_PIC = NO;
				GCC_NO_COMMON_BLOCKS = YES;
				GCC_OPTIMIZATION_LEVEL = 0;
				GCC_PREPROCESSOR_DEFINITIONS = (
					"DEBUG=1",
					"$(inherited)",
				);
				GCC_WARN_64_TO_32_BIT_CONVERSION = YES;
				GCC_WARN_ABOUT_RETURN_TYPE = YES_ERROR;
				GCC_WARN_UNDECLARED_SELECTOR = YES;
				GCC_WARN_UNINITIALIZED_AUTOS = YES_AGGRESSIVE;
				GCC_WARN_UNUSED_FUNCTION = YES;
				GCC_WARN_UNUSED_VARIABLE = YES;
				IPHONEOS_DEPLOYMENT_TARGET = 12.0;
				MTL_ENABLE_DEBUG_INFO = INCLUDE_SOURCE;
				MTL_FAST_MATH = YES;
				ONLY_ACTIVE_ARCH = YES;
				SDKROOT = iphoneos;
				SWIFT_ACTIVE_COMPILATION_CONDITIONS = DEBUG;
				SWIFT_OPTIMIZATION_LEVEL = "-Onone";
			};
			name = Debug;
		};
		E0860A692161A9E6003375A7 /* Release */ = {
			isa = XCBuildConfiguration;
			buildSettings = {
				ALWAYS_SEARCH_USER_PATHS = NO;
				CLANG_ANALYZER_NONNULL = YES;
				CLANG_ANALYZER_NUMBER_OBJECT_CONVERSION = YES_AGGRESSIVE;
				CLANG_CXX_LANGUAGE_STANDARD = "gnu++14";
				CLANG_CXX_LIBRARY = "libc++";
				CLANG_ENABLE_MODULES = YES;
				CLANG_ENABLE_OBJC_ARC = YES;
				CLANG_ENABLE_OBJC_WEAK = YES;
				CLANG_WARN_BLOCK_CAPTURE_AUTORELEASING = YES;
				CLANG_WARN_BOOL_CONVERSION = YES;
				CLANG_WARN_COMMA = YES;
				CLANG_WARN_CONSTANT_CONVERSION = YES;
				CLANG_WARN_DEPRECATED_OBJC_IMPLEMENTATIONS = YES;
				CLANG_WARN_DIRECT_OBJC_ISA_USAGE = YES_ERROR;
				CLANG_WARN_DOCUMENTATION_COMMENTS = YES;
				CLANG_WARN_EMPTY_BODY = YES;
				CLANG_WARN_ENUM_CONVERSION = YES;
				CLANG_WARN_INFINITE_RECURSION = YES;
				CLANG_WARN_INT_CONVERSION = YES;
				CLANG_WARN_NON_LITERAL_NULL_CONVERSION = YES;
				CLANG_WARN_OBJC_IMPLICIT_RETAIN_SELF = YES;
				CLANG_WARN_OBJC_LITERAL_CONVERSION = YES;
				CLANG_WARN_OBJC_ROOT_CLASS = YES_ERROR;
				CLANG_WARN_RANGE_LOOP_ANALYSIS = YES;
				CLANG_WARN_STRICT_PROTOTYPES = YES;
				CLANG_WARN_SUSPICIOUS_MOVE = YES;
				CLANG_WARN_UNGUARDED_AVAILABILITY = YES_AGGRESSIVE;
				CLANG_WARN_UNREACHABLE_CODE = YES;
				CLANG_WARN__DUPLICATE_METHOD_MATCH = YES;
				CODE_SIGN_IDENTITY = "iPhone Developer";
				COPY_PHASE_STRIP = NO;
				DEBUG_INFORMATION_FORMAT = "dwarf-with-dsym";
				ENABLE_NS_ASSERTIONS = NO;
				ENABLE_STRICT_OBJC_MSGSEND = YES;
				GCC_C_LANGUAGE_STANDARD = gnu11;
				GCC_NO_COMMON_BLOCKS = YES;
				GCC_WARN_64_TO_32_BIT_CONVERSION = YES;
				GCC_WARN_ABOUT_RETURN_TYPE = YES_ERROR;
				GCC_WARN_UNDECLARED_SELECTOR = YES;
				GCC_WARN_UNINITIALIZED_AUTOS = YES_AGGRESSIVE;
				GCC_WARN_UNUSED_FUNCTION = YES;
				GCC_WARN_UNUSED_VARIABLE = YES;
				IPHONEOS_DEPLOYMENT_TARGET = 12.0;
				MTL_ENABLE_DEBUG_INFO = NO;
				MTL_FAST_MATH = YES;
				SDKROOT = iphoneos;
				SWIFT_COMPILATION_MODE = wholemodule;
				SWIFT_OPTIMIZATION_LEVEL = "-O";
				VALIDATE_PRODUCT = YES;
			};
			name = Release;
		};
		E0860A6B2161A9E6003375A7 /* Debug */ = {
			isa = XCBuildConfiguration;
			baseConfigurationReference = 110959F8F8453741523406DB /* Pods-PaceRides.debug.xcconfig */;
			buildSettings = {
				ASSETCATALOG_COMPILER_APPICON_NAME = AppIcon;
				CLANG_ENABLE_MODULES = YES;
				CODE_SIGN_STYLE = Automatic;
				DEVELOPMENT_TEAM = L5696BKBGY;
				INFOPLIST_FILE = PaceRides/Info.plist;
				IPHONEOS_DEPLOYMENT_TARGET = 9.0;
				LD_RUNPATH_SEARCH_PATHS = (
					"$(inherited)",
					"@executable_path/Frameworks",
				);
				PRODUCT_BUNDLE_IDENTIFIER = com.PaceRides.PaceRides;
				PRODUCT_NAME = "$(TARGET_NAME)";
				SWIFT_OBJC_BRIDGING_HEADER = "PaceRides/Supporting Files/PaceRides-Bridging-Header.h";
				SWIFT_OPTIMIZATION_LEVEL = "-Onone";
				SWIFT_VERSION = 4.2;
				TARGETED_DEVICE_FAMILY = "1,2";
			};
			name = Debug;
		};
		E0860A6C2161A9E6003375A7 /* Release */ = {
			isa = XCBuildConfiguration;
			baseConfigurationReference = 29335451A5D557316597A633 /* Pods-PaceRides.release.xcconfig */;
			buildSettings = {
				ASSETCATALOG_COMPILER_APPICON_NAME = AppIcon;
				CLANG_ENABLE_MODULES = YES;
				CODE_SIGN_STYLE = Automatic;
				DEVELOPMENT_TEAM = L5696BKBGY;
				INFOPLIST_FILE = PaceRides/Info.plist;
				IPHONEOS_DEPLOYMENT_TARGET = 9.0;
				LD_RUNPATH_SEARCH_PATHS = (
					"$(inherited)",
					"@executable_path/Frameworks",
				);
				PRODUCT_BUNDLE_IDENTIFIER = com.PaceRides.PaceRides;
				PRODUCT_NAME = "$(TARGET_NAME)";
				SWIFT_OBJC_BRIDGING_HEADER = "PaceRides/Supporting Files/PaceRides-Bridging-Header.h";
				SWIFT_VERSION = 4.2;
				TARGETED_DEVICE_FAMILY = "1,2";
			};
			name = Release;
		};
		E0860A6E2161A9E6003375A7 /* Debug */ = {
			isa = XCBuildConfiguration;
			baseConfigurationReference = 6E67363239471925A916D443 /* Pods-PaceRidesTests.debug.xcconfig */;
			buildSettings = {
				ALWAYS_EMBED_SWIFT_STANDARD_LIBRARIES = YES;
				BUNDLE_LOADER = "$(TEST_HOST)";
				CODE_SIGN_STYLE = Automatic;
				DEVELOPMENT_TEAM = L5696BKBGY;
				INFOPLIST_FILE = PaceRidesTests/Info.plist;
				LD_RUNPATH_SEARCH_PATHS = (
					"$(inherited)",
					"@executable_path/Frameworks",
					"@loader_path/Frameworks",
				);
				PRODUCT_BUNDLE_IDENTIFIER = com.PaceRides.PaceRidesTests;
				PRODUCT_NAME = "$(TARGET_NAME)";
				SWIFT_VERSION = 4.2;
				TARGETED_DEVICE_FAMILY = "1,2";
				TEST_HOST = "$(BUILT_PRODUCTS_DIR)/PaceRides.app/PaceRides";
			};
			name = Debug;
		};
		E0860A6F2161A9E6003375A7 /* Release */ = {
			isa = XCBuildConfiguration;
			baseConfigurationReference = 10E9E688E4E936B257210723 /* Pods-PaceRidesTests.release.xcconfig */;
			buildSettings = {
				ALWAYS_EMBED_SWIFT_STANDARD_LIBRARIES = YES;
				BUNDLE_LOADER = "$(TEST_HOST)";
				CODE_SIGN_STYLE = Automatic;
				DEVELOPMENT_TEAM = L5696BKBGY;
				INFOPLIST_FILE = PaceRidesTests/Info.plist;
				LD_RUNPATH_SEARCH_PATHS = (
					"$(inherited)",
					"@executable_path/Frameworks",
					"@loader_path/Frameworks",
				);
				PRODUCT_BUNDLE_IDENTIFIER = com.PaceRides.PaceRidesTests;
				PRODUCT_NAME = "$(TARGET_NAME)";
				SWIFT_VERSION = 4.2;
				TARGETED_DEVICE_FAMILY = "1,2";
				TEST_HOST = "$(BUILT_PRODUCTS_DIR)/PaceRides.app/PaceRides";
			};
			name = Release;
		};
		E0860A712161A9E6003375A7 /* Debug */ = {
			isa = XCBuildConfiguration;
			baseConfigurationReference = 3F5F9BAC9BFB2B41D16ED353 /* Pods-PaceRidesUITests.debug.xcconfig */;
			buildSettings = {
				ALWAYS_EMBED_SWIFT_STANDARD_LIBRARIES = YES;
				CODE_SIGN_STYLE = Automatic;
				DEVELOPMENT_TEAM = L5696BKBGY;
				INFOPLIST_FILE = PaceRidesUITests/Info.plist;
				LD_RUNPATH_SEARCH_PATHS = (
					"$(inherited)",
					"@executable_path/Frameworks",
					"@loader_path/Frameworks",
				);
				PRODUCT_BUNDLE_IDENTIFIER = com.PaceRides.PaceRidesUITests;
				PRODUCT_NAME = "$(TARGET_NAME)";
				SWIFT_VERSION = 4.2;
				TARGETED_DEVICE_FAMILY = "1,2";
				TEST_TARGET_NAME = PaceRides;
			};
			name = Debug;
		};
		E0860A722161A9E6003375A7 /* Release */ = {
			isa = XCBuildConfiguration;
			baseConfigurationReference = D11902CAC4075A23A8DA9911 /* Pods-PaceRidesUITests.release.xcconfig */;
			buildSettings = {
				ALWAYS_EMBED_SWIFT_STANDARD_LIBRARIES = YES;
				CODE_SIGN_STYLE = Automatic;
				DEVELOPMENT_TEAM = L5696BKBGY;
				INFOPLIST_FILE = PaceRidesUITests/Info.plist;
				LD_RUNPATH_SEARCH_PATHS = (
					"$(inherited)",
					"@executable_path/Frameworks",
					"@loader_path/Frameworks",
				);
				PRODUCT_BUNDLE_IDENTIFIER = com.PaceRides.PaceRidesUITests;
				PRODUCT_NAME = "$(TARGET_NAME)";
				SWIFT_VERSION = 4.2;
				TARGETED_DEVICE_FAMILY = "1,2";
				TEST_TARGET_NAME = PaceRides;
			};
			name = Release;
		};
/* End XCBuildConfiguration section */

/* Begin XCConfigurationList section */
		E0860A3B2161A9E4003375A7 /* Build configuration list for PBXProject "PaceRides" */ = {
			isa = XCConfigurationList;
			buildConfigurations = (
				E0860A682161A9E6003375A7 /* Debug */,
				E0860A692161A9E6003375A7 /* Release */,
			);
			defaultConfigurationIsVisible = 0;
			defaultConfigurationName = Release;
		};
		E0860A6A2161A9E6003375A7 /* Build configuration list for PBXNativeTarget "PaceRides" */ = {
			isa = XCConfigurationList;
			buildConfigurations = (
				E0860A6B2161A9E6003375A7 /* Debug */,
				E0860A6C2161A9E6003375A7 /* Release */,
			);
			defaultConfigurationIsVisible = 0;
			defaultConfigurationName = Release;
		};
		E0860A6D2161A9E6003375A7 /* Build configuration list for PBXNativeTarget "PaceRidesTests" */ = {
			isa = XCConfigurationList;
			buildConfigurations = (
				E0860A6E2161A9E6003375A7 /* Debug */,
				E0860A6F2161A9E6003375A7 /* Release */,
			);
			defaultConfigurationIsVisible = 0;
			defaultConfigurationName = Release;
		};
		E0860A702161A9E6003375A7 /* Build configuration list for PBXNativeTarget "PaceRidesUITests" */ = {
			isa = XCConfigurationList;
			buildConfigurations = (
				E0860A712161A9E6003375A7 /* Debug */,
				E0860A722161A9E6003375A7 /* Release */,
			);
			defaultConfigurationIsVisible = 0;
			defaultConfigurationName = Release;
		};
/* End XCConfigurationList section */
	};
	rootObject = E0860A382161A9E4003375A7 /* Project object */;
}
